
Microsoft Visual Studio Solution File, Format Version 12.00
# Visual Studio Version 17
VisualStudioVersion = 17.11.35312.102
MinimumVisualStudioVersion = 10.0.40219.1
Project("{9A19103F-16F7-4668-BE54-9A1E7A4F7556}") = "E-COMM_KAMALİ", "E-COMM_KAMALİ.csproj", "{05439C85-D99F-484C-B69D-0E6D2C0980C5}"
EndProject
Project("{9A19103F-16F7-4668-BE54-9A1E7A4F7556}") = "ECOMM.Core", "..\ECOMM.Models\ECOMM.Core.csproj", "{1B035C15-8655-4DF5-9464-24802EFE256C}"
EndProject
Project("{9A19103F-16F7-4668-BE54-9A1E7A4F7556}") = "ECOMM.Data", "..\ECOMM.DATA\ECOMM.Data.csproj", "{C8231EF4-DBDB-4813-A77F-4D073FEE6A99}"
EndProject
Project("{9A19103F-16F7-4668-BE54-9A1E7A4F7556}") = "ECOMM.Business", "..\ECOMM.Business\ECOMM.Business.csproj", "{002F8F45-5204-4623-90FF-11D054ACA3AA}"
EndProject
Global
	GlobalSection(SolutionConfigurationPlatforms) = preSolution
		Debug|Any CPU = Debug|Any CPU
		Release|Any CPU = Release|Any CPU
	EndGlobalSection
	GlobalSection(ProjectConfigurationPlatforms) = postSolution
		{05439C85-D99F-484C-B69D-0E6D2C0980C5}.Debug|Any CPU.ActiveCfg = Debug|Any CPU
		{05439C85-D99F-484C-B69D-0E6D2C0980C5}.Debug|Any CPU.Build.0 = Debug|Any CPU
		{05439C85-D99F-484C-B69D-0E6D2C0980C5}.Release|Any CPU.ActiveCfg = Release|Any CPU
		{05439C85-D99F-484C-B69D-0E6D2C0980C5}.Release|Any CPU.Build.0 = Release|Any CPU
		{1B035C15-8655-4DF5-9464-24802EFE256C}.Debug|Any CPU.ActiveCfg = Debug|Any CPU
		{1B035C15-8655-4DF5-9464-24802EFE256C}.Debug|Any CPU.Build.0 = Debug|Any CPU
		{1B035C15-8655-4DF5-9464-24802EFE256C}.Release|Any CPU.ActiveCfg = Release|Any CPU
		{1B035C15-8655-4DF5-9464-24802EFE256C}.Release|Any CPU.Build.0 = Release|Any CPU
		{C8231EF4-DBDB-4813-A77F-4D073FEE6A99}.Debug|Any CPU.ActiveCfg = Debug|Any CPU
		{C8231EF4-DBDB-4813-A77F-4D073FEE6A99}.Debug|Any CPU.Build.0 = Debug|Any CPU
		{C8231EF4-DBDB-4813-A77F-4D073FEE6A99}.Release|Any CPU.ActiveCfg = Release|Any CPU
		{C8231EF4-DBDB-4813-A77F-4D073FEE6A99}.Release|Any CPU.Build.0 = Release|Any CPU
		{002F8F45-5204-4623-90FF-11D054ACA3AA}.Debug|Any CPU.ActiveCfg = Debug|Any CPU
		{002F8F45-5204-4623-90FF-11D054ACA3AA}.Debug|Any CPU.Build.0 = Debug|Any CPU
		{002F8F45-5204-4623-90FF-11D054ACA3AA}.Release|Any CPU.ActiveCfg = Release|Any CPU
		{002F8F45-5204-4623-90FF-11D054ACA3AA}.Release|Any CPU.Build.0 = Release|Any CPU
	EndGlobalSection
	GlobalSection(SolutionProperties) = preSolution
		HideSolutionNode = FALSE
	EndGlobalSection
	GlobalSection(ExtensibilityGlobals) = postSolution
		SolutionGuid = {7A33D297-D197-41E5-9499-9A81CEFCD5B4}
	EndGlobalSection
EndGlobal
